{
  "name": "create-lexmount-app",
  "version": "0.1.7",
  "lockfileVersion": 3,
  "requires": true,
  "packages": {
    "": {
      "name": "create-lexmount-app",
      "version": "0.1.7",
      "license": "MIT",
      "bin": {
        "create-lexmount-app": "bin/create-lexmount-app.js"
      },
      "engines": {
        "node": ">=18.0.0"
      }
    }
  }
}
